
Microsoft Visual Studio Solution File, Format Version 12.00
# Visual Studio Version 18
VisualStudioVersion = 18.4.11626.88 stable
MinimumVisualStudioVersion = 10.0.40219.1
Project("{FAE04EC0-301F-11D3-BF4B-00C04F79EFBC}") = "CP2", "CP2\CP2.csproj", "{459B01BB-054E-498B-9616-A470F17A726A}"
EndProject
Project("{FAE04EC0-301F-11D3-BF4B-00C04F79EFBC}") = "CP2.Architecture", "CP2.Architecture\CP2.Architecture.csproj", "{EA3E5AE3-CFB8-4255-B2D3-CDC51C065D98}"
EndProject
Project("{FAE04EC0-301F-11D3-BF4B-00C04F79EFBC}") = "CP2.Core", "CP2.Core\CP2.Core.csproj", "{013B07FF-19DE-4A53-B996-4158E64223EA}"
EndProject
Project("{FAE04EC0-301F-11D3-BF4B-00C04F79EFBC}") = "CP2.Data", "CP2.Data\CP2.Data.csproj", "{27A6B4EB-5AFB-4771-97F1-DE9AD8852D6A}"
EndProject
Project("{FAE04EC0-301F-11D3-BF4B-00C04F79EFBC}") = "CP2.Repositories", "CP2.Repositories\CP2.Repositories.csproj", "{411D3DE8-9B75-4616-97A6-16715DDB68DF}"
EndProject
Project("{FAE04EC0-301F-11D3-BF4B-00C04F79EFBC}") = "CP2.COR", "CP2.COR\CP2.COR.csproj", "{5EA4ED0A-E0F5-4D13-8FBA-95C076ED1936}"
EndProject
Project("{FAE04EC0-301F-11D3-BF4B-00C04F79EFBC}") = "CP2.API", "CP2.API\CP2.API.csproj", "{79579037-0385-4CC5-BF8B-7006434E57DA}"
EndProject
Global
	GlobalSection(SolutionConfigurationPlatforms) = preSolution
		Debug|Any CPU = Debug|Any CPU
		Debug|x64 = Debug|x64
		Debug|x86 = Debug|x86
		Release|Any CPU = Release|Any CPU
		Release|x64 = Release|x64
		Release|x86 = Release|x86
	EndGlobalSection
	GlobalSection(ProjectConfigurationPlatforms) = postSolution
		{459B01BB-054E-498B-9616-A470F17A726A}.Debug|Any CPU.ActiveCfg = Debug|Any CPU
		{459B01BB-054E-498B-9616-A470F17A726A}.Debug|Any CPU.Build.0 = Debug|Any CPU
		{459B01BB-054E-498B-9616-A470F17A726A}.Debug|x64.ActiveCfg = Debug|Any CPU
		{459B01BB-054E-498B-9616-A470F17A726A}.Debug|x64.Build.0 = Debug|Any CPU
		{459B01BB-054E-498B-9616-A470F17A726A}.Debug|x86.ActiveCfg = Debug|Any CPU
		{459B01BB-054E-498B-9616-A470F17A726A}.Debug|x86.Build.0 = Debug|Any CPU
		{459B01BB-054E-498B-9616-A470F17A726A}.Release|Any CPU.ActiveCfg = Release|Any CPU
		{459B01BB-054E-498B-9616-A470F17A726A}.Release|Any CPU.Build.0 = Release|Any CPU
		{459B01BB-054E-498B-9616-A470F17A726A}.Release|x64.ActiveCfg = Release|Any CPU
		{459B01BB-054E-498B-9616-A470F17A726A}.Release|x64.Build.0 = Release|Any CPU
		{459B01BB-054E-498B-9616-A470F17A726A}.Release|x86.ActiveCfg = Release|Any CPU
		{459B01BB-054E-498B-9616-A470F17A726A}.Release|x86.Build.0 = Release|Any CPU
		{EA3E5AE3-CFB8-4255-B2D3-CDC51C065D98}.Debug|Any CPU.ActiveCfg = Debug|Any CPU
		{EA3E5AE3-CFB8-4255-B2D3-CDC51C065D98}.Debug|Any CPU.Build.0 = Debug|Any CPU
		{EA3E5AE3-CFB8-4255-B2D3-CDC51C065D98}.Debug|x64.ActiveCfg = Debug|Any CPU
		{EA3E5AE3-CFB8-4255-B2D3-CDC51C065D98}.Debug|x64.Build.0 = Debug|Any CPU
		{EA3E5AE3-CFB8-4255-B2D3-CDC51C065D98}.Debug|x86.ActiveCfg = Debug|Any CPU
		{EA3E5AE3-CFB8-4255-B2D3-CDC51C065D98}.Debug|x86.Build.0 = Debug|Any CPU
		{EA3E5AE3-CFB8-4255-B2D3-CDC51C065D98}.Release|Any CPU.ActiveCfg = Release|Any CPU
		{EA3E5AE3-CFB8-4255-B2D3-CDC51C065D98}.Release|Any CPU.Build.0 = Release|Any CPU
		{EA3E5AE3-CFB8-4255-B2D3-CDC51C065D98}.Release|x64.ActiveCfg = Release|Any CPU
		{EA3E5AE3-CFB8-4255-B2D3-CDC51C065D98}.Release|x64.Build.0 = Release|Any CPU
		{EA3E5AE3-CFB8-4255-B2D3-CDC51C065D98}.Release|x86.ActiveCfg = Release|Any CPU
		{EA3E5AE3-CFB8-4255-B2D3-CDC51C065D98}.Release|x86.Build.0 = Release|Any CPU
		{013B07FF-19DE-4A53-B996-4158E64223EA}.Debug|Any CPU.ActiveCfg = Debug|Any CPU
		{013B07FF-19DE-4A53-B996-4158E64223EA}.Debug|Any CPU.Build.0 = Debug|Any CPU
		{013B07FF-19DE-4A53-B996-4158E64223EA}.Debug|x64.ActiveCfg = Debug|Any CPU
		{013B07FF-19DE-4A53-B996-4158E64223EA}.Debug|x64.Build.0 = Debug|Any CPU
		{013B07FF-19DE-4A53-B996-4158E64223EA}.Debug|x86.ActiveCfg = Debug|Any CPU
		{013B07FF-19DE-4A53-B996-4158E64223EA}.Debug|x86.Build.0 = Debug|Any CPU
		{013B07FF-19DE-4A53-B996-4158E64223EA}.Release|Any CPU.ActiveCfg = Release|Any CPU
		{013B07FF-19DE-4A53-B996-4158E64223EA}.Release|Any CPU.Build.0 = Release|Any CPU
		{013B07FF-19DE-4A53-B996-4158E64223EA}.Release|x64.ActiveCfg = Release|Any CPU
		{013B07FF-19DE-4A53-B996-4158E64223EA}.Release|x64.Build.0 = Release|Any CPU
		{013B07FF-19DE-4A53-B996-4158E64223EA}.Release|x86.ActiveCfg = Release|Any CPU
		{013B07FF-19DE-4A53-B996-4158E64223EA}.Release|x86.Build.0 = Release|Any CPU
		{27A6B4EB-5AFB-4771-97F1-DE9AD8852D6A}.Debug|Any CPU.ActiveCfg = Debug|Any CPU
		{27A6B4EB-5AFB-4771-97F1-DE9AD8852D6A}.Debug|Any CPU.Build.0 = Debug|Any CPU
		{27A6B4EB-5AFB-4771-97F1-DE9AD8852D6A}.Debug|x64.ActiveCfg = Debug|Any CPU
		{27A6B4EB-5AFB-4771-97F1-DE9AD8852D6A}.Debug|x64.Build.0 = Debug|Any CPU
		{27A6B4EB-5AFB-4771-97F1-DE9AD8852D6A}.Debug|x86.ActiveCfg = Debug|Any CPU
		{27A6B4EB-5AFB-4771-97F1-DE9AD8852D6A}.Debug|x86.Build.0 = Debug|Any CPU
		{27A6B4EB-5AFB-4771-97F1-DE9AD8852D6A}.Release|Any CPU.ActiveCfg = Release|Any CPU
		{27A6B4EB-5AFB-4771-97F1-DE9AD8852D6A}.Release|Any CPU.Build.0 = Release|Any CPU
		{27A6B4EB-5AFB-4771-97F1-DE9AD8852D6A}.Release|x64.ActiveCfg = Release|Any CPU
		{27A6B4EB-5AFB-4771-97F1-DE9AD8852D6A}.Release|x64.Build.0 = Release|Any CPU
		{27A6B4EB-5AFB-4771-97F1-DE9AD8852D6A}.Release|x86.ActiveCfg = Release|Any CPU
		{27A6B4EB-5AFB-4771-97F1-DE9AD8852D6A}.Release|x86.Build.0 = Release|Any CPU
		{411D3DE8-9B75-4616-97A6-16715DDB68DF}.Debug|Any CPU.ActiveCfg = Debug|Any CPU
		{411D3DE8-9B75-4616-97A6-16715DDB68DF}.Debug|Any CPU.Build.0 = Debug|Any CPU
		{411D3DE8-9B75-4616-97A6-16715DDB68DF}.Debug|x64.ActiveCfg = Debug|Any CPU
		{411D3DE8-9B75-4616-97A6-16715DDB68DF}.Debug|x64.Build.0 = Debug|Any CPU
		{411D3DE8-9B75-4616-97A6-16715DDB68DF}.Debug|x86.ActiveCfg = Debug|Any CPU
		{411D3DE8-9B75-4616-97A6-16715DDB68DF}.Debug|x86.Build.0 = Debug|Any CPU
		{411D3DE8-9B75-4616-97A6-16715DDB68DF}.Release|Any CPU.ActiveCfg = Release|Any CPU
		{411D3DE8-9B75-4616-97A6-16715DDB68DF}.Release|Any CPU.Build.0 = Release|Any CPU
		{411D3DE8-9B75-4616-97A6-16715DDB68DF}.Release|x64.ActiveCfg = Release|Any CPU
		{411D3DE8-9B75-4616-97A6-16715DDB68DF}.Release|x64.Build.0 = Release|Any CPU
		{411D3DE8-9B75-4616-97A6-16715DDB68DF}.Release|x86.ActiveCfg = Release|Any CPU
		{411D3DE8-9B75-4616-97A6-16715DDB68DF}.Release|x86.Build.0 = Release|Any CPU
		{5EA4ED0A-E0F5-4D13-8FBA-95C076ED1936}.Debug|Any CPU.ActiveCfg = Debug|Any CPU
		{5EA4ED0A-E0F5-4D13-8FBA-95C076ED1936}.Debug|Any CPU.Build.0 = Debug|Any CPU
		{5EA4ED0A-E0F5-4D13-8FBA-95C076ED1936}.Debug|x64.ActiveCfg = Debug|Any CPU
		{5EA4ED0A-E0F5-4D13-8FBA-95C076ED1936}.Debug|x64.Build.0 = Debug|Any CPU
		{5EA4ED0A-E0F5-4D13-8FBA-95C076ED1936}.Debug|x86.ActiveCfg = Debug|Any CPU
		{5EA4ED0A-E0F5-4D13-8FBA-95C076ED1936}.Debug|x86.Build.0 = Debug|Any CPU
		{5EA4ED0A-E0F5-4D13-8FBA-95C076ED1936}.Release|Any CPU.ActiveCfg = Release|Any CPU
		{5EA4ED0A-E0F5-4D13-8FBA-95C076ED1936}.Release|Any CPU.Build.0 = Release|Any CPU
		{5EA4ED0A-E0F5-4D13-8FBA-95C076ED1936}.Release|x64.ActiveCfg = Release|Any CPU
		{5EA4ED0A-E0F5-4D13-8FBA-95C076ED1936}.Release|x64.Build.0 = Release|Any CPU
		{5EA4ED0A-E0F5-4D13-8FBA-95C076ED1936}.Release|x86.ActiveCfg = Release|Any CPU
		{5EA4ED0A-E0F5-4D13-8FBA-95C076ED1936}.Release|x86.Build.0 = Release|Any CPU
		{79579037-0385-4CC5-BF8B-7006434E57DA}.Debug|Any CPU.ActiveCfg = Debug|Any CPU
		{79579037-0385-4CC5-BF8B-7006434E57DA}.Debug|Any CPU.Build.0 = Debug|Any CPU
		{79579037-0385-4CC5-BF8B-7006434E57DA}.Debug|x64.ActiveCfg = Debug|Any CPU
		{79579037-0385-4CC5-BF8B-7006434E57DA}.Debug|x64.Build.0 = Debug|Any CPU
		{79579037-0385-4CC5-BF8B-7006434E57DA}.Debug|x86.ActiveCfg = Debug|Any CPU
		{79579037-0385-4CC5-BF8B-7006434E57DA}.Debug|x86.Build.0 = Debug|Any CPU
		{79579037-0385-4CC5-BF8B-7006434E57DA}.Release|Any CPU.ActiveCfg = Release|Any CPU
		{79579037-0385-4CC5-BF8B-7006434E57DA}.Release|Any CPU.Build.0 = Release|Any CPU
		{79579037-0385-4CC5-BF8B-7006434E57DA}.Release|x64.ActiveCfg = Release|Any CPU
		{79579037-0385-4CC5-BF8B-7006434E57DA}.Release|x64.Build.0 = Release|Any CPU
		{79579037-0385-4CC5-BF8B-7006434E57DA}.Release|x86.ActiveCfg = Release|Any CPU
		{79579037-0385-4CC5-BF8B-7006434E57DA}.Release|x86.Build.0 = Release|Any CPU
	EndGlobalSection
	GlobalSection(SolutionProperties) = preSolution
		HideSolutionNode = FALSE
	EndGlobalSection
	GlobalSection(ExtensibilityGlobals) = postSolution
		SolutionGuid = {F739F854-4F8A-422E-850C-F8DDECD0E6E8}
	EndGlobalSection
EndGlobal
